# This file is automatically @generated by rv.
# It is not intended for manual editing.
version = 2
r_version = "4.5"

[[packages]]
name = "R6"
version = "2.6.1"
source = { repository = "https://packagemanager.posit.co/cran/latest" }
force_source = false
dependencies = []

[[packages]]
name = "argparse"
version = "2.3.1"
source = { repository = "https://packagemanager.posit.co/cran/latest" }
force_source = false
dependencies = [
    "findpython",
    "jsonlite",
    "R6",
]

[[packages]]
name = "findpython"
version = "1.0.9"
source = { repository = "https://packagemanager.posit.co/cran/latest" }
force_source = false
dependencies = []

[[packages]]
name = "jsonlite"
version = "2.0.0"
source = { repository = "https://packagemanager.posit.co/cran/latest" }
force_source = false
dependencies = []
